
Microsoft Visual Studio Solution File, Format Version 12.00
# Visual Studio Version 16
VisualStudioVersion = 16.0.30523.141
MinimumVisualStudioVersion = 10.0.40219.1
Project("{FAE04EC0-301F-11D3-BF4B-00C04F79EFBC}") = "Esferas", "Esferas\Esferas.csproj", "{BA6D4EC7-ABF8-4A6E-B563-0937EDEA6FE6}"
EndProject
Global
	GlobalSection(SolutionConfigurationPlatforms) = preSolution
		Debug|Any CPU = Debug|Any CPU
		Release|Any CPU = Release|Any CPU
	EndGlobalSection
	GlobalSection(ProjectConfigurationPlatforms) = postSolution
		{BA6D4EC7-ABF8-4A6E-B563-0937EDEA6FE6}.Debug|Any CPU.ActiveCfg = Debug|Any CPU
		{BA6D4EC7-ABF8-4A6E-B563-0937EDEA6FE6}.Debug|Any CPU.Build.0 = Debug|Any CPU
		{BA6D4EC7-ABF8-4A6E-B563-0937EDEA6FE6}.Release|Any CPU.ActiveCfg = Release|Any CPU
		{BA6D4EC7-ABF8-4A6E-B563-0937EDEA6FE6}.Release|Any CPU.Build.0 = Release|Any CPU
	EndGlobalSection
	GlobalSection(SolutionProperties) = preSolution
		HideSolutionNode = FALSE
	EndGlobalSection
	GlobalSection(ExtensibilityGlobals) = postSolution
		SolutionGuid = {914862F7-B3AF-42A6-80F2-78D4832156AE}
	EndGlobalSection
EndGlobal
